{
  "name": "cheetah",
  "version": "1.0.0",
  "lockfileVersion": 2,
  "requires": true,
  "packages": {
    "": {
      "name": "cheetah",
      "version": "1.0.0",
      "license": "ISC",
      "devDependencies": {
        "just-install": "^1.0.8"
      }
    },
    "node_modules/just-install": {
      "version": "1.0.8",
      "resolved": "https://registry.npmjs.org/just-install/-/just-install-1.0.8.tgz",
      "integrity": "sha512-m5Y1H2jh9Lhhmtq7Wyo0SMKauVIYN0nif9pRn9ccqNBE6xAxb7cZ4Xe4RUMXcXN9CIV+bKKWjgpHBagNfI1V7g==",
      "dev": true,
      "hasInstallScript": true,
      "bin": {
        "just": "bin/just"
      }
    }
  },
  "dependencies": {
    "just-install": {
      "version": "1.0.8",
      "resolved": "https://registry.npmjs.org/just-install/-/just-install-1.0.8.tgz",
      "integrity": "sha512-m5Y1H2jh9Lhhmtq7Wyo0SMKauVIYN0nif9pRn9ccqNBE6xAxb7cZ4Xe4RUMXcXN9CIV+bKKWjgpHBagNfI1V7g==",
      "dev": true
    }
  }
}
